
Microsoft Visual Studio Solution File, Format Version 12.00
# Visual Studio 2013
VisualStudioVersion = 12.0.21005.1
MinimumVisualStudioVersion = 10.0.40219.1
Project("{FAE04EC0-301F-11D3-BF4B-00C04F79EFBC}") = "ConsoleApplication1", "ConsoleApplication1\ConsoleApplication1.csproj", "{AF0344E5-2739-4840-911A-D7BBD2E41CE8}"
EndProject
Project("{FAE04EC0-301F-11D3-BF4B-00C04F79EFBC}") = "MathLib", "MathLib\MathLib.csproj", "{CCA2F177-AF0C-489D-A0AD-C29DEFC50237}"
EndProject
Global
	GlobalSection(SolutionConfigurationPlatforms) = preSolution
		Debug|Any CPU = Debug|Any CPU
		Release|Any CPU = Release|Any CPU
	EndGlobalSection
	GlobalSection(ProjectConfigurationPlatforms) = postSolution
		{AF0344E5-2739-4840-911A-D7BBD2E41CE8}.Debug|Any CPU.ActiveCfg = Debug|Any CPU
		{AF0344E5-2739-4840-911A-D7BBD2E41CE8}.Debug|Any CPU.Build.0 = Debug|Any CPU
		{AF0344E5-2739-4840-911A-D7BBD2E41CE8}.Release|Any CPU.ActiveCfg = Release|Any CPU
		{AF0344E5-2739-4840-911A-D7BBD2E41CE8}.Release|Any CPU.Build.0 = Release|Any CPU
		{CCA2F177-AF0C-489D-A0AD-C29DEFC50237}.Debug|Any CPU.ActiveCfg = Debug|Any CPU
		{CCA2F177-AF0C-489D-A0AD-C29DEFC50237}.Debug|Any CPU.Build.0 = Debug|Any CPU
		{CCA2F177-AF0C-489D-A0AD-C29DEFC50237}.Release|Any CPU.ActiveCfg = Release|Any CPU
		{CCA2F177-AF0C-489D-A0AD-C29DEFC50237}.Release|Any CPU.Build.0 = Release|Any CPU
	EndGlobalSection
	GlobalSection(SolutionProperties) = preSolution
		HideSolutionNode = FALSE
	EndGlobalSection
EndGlobal
